{
  "requires": true,
  "lockfileVersion": 1,
  "dependencies": {
    "@babel/runtime": {
      "version": "7.16.3",
      "resolved": "https://registry.npmjs.org/@babel/runtime/-/runtime-7.16.3.tgz",
      "integrity": "sha512-WBwekcqacdY2e9AF/Q7WLFUWmdJGJTkbjqTjoMDgXkVZ3ZRUvOPsLb5KdwISoQVsbP+DQzVZW4Zhci0DvpbNTQ==",
      "requires": {
        "regenerator-runtime": "^0.13.4"
      }
    },
    "@juggle/resize-observer": {
      "version": "3.3.1",
      "resolved": "https://registry.npmjs.org/@juggle/resize-observer/-/resize-observer-3.3.1.tgz",
      "integrity": "sha512-zMM9Ds+SawiUkakS7y94Ymqx+S0ORzpG3frZirN3l+UlXUmSUR7hF4wxCVqW+ei94JzV5kt0uXBcoOEAuiydrw=="
    },
    "@reach/portal": {
      "version": "0.13.2",
      "resolved": "https://registry.npmjs.org/@reach/portal/-/portal-0.13.2.tgz",
      "integrity": "sha512-g74BnCdtuTGthzzHn2cWW+bcyIYb0iIE/yRsm89i8oNzNgpopbkh9UY8TPbhNlys52h7U60s4kpRTmcq+JqsTA==",
      "requires": {
        "@reach/utils": "0.13.2",
        "tslib": "^2.1.0"
      }
    },
    "@reach/utils": {
      "version": "0.13.2",
      "resolved": "https://registry.npmjs.org/@reach/utils/-/utils-0.13.2.tgz",
      "integrity": "sha512-3ir6cN60zvUrwjOJu7C6jec/samqAeyAB12ZADK+qjnmQPdzSYldrFWwDVV5H0WkhbYXR3uh+eImu13hCetNPQ==",
      "requires": {
        "@types/warning": "^3.0.0",
        "tslib": "^2.1.0",
        "warning": "^4.0.3"
      }
    },
    "@types/warning": {
      "version": "3.0.0",
      "resolved": "https://registry.npmjs.org/@types/warning/-/warning-3.0.0.tgz",
      "integrity": "sha1-DSUBJorY+ZYrdA04fEZU9fjiPlI="
    },
    "@xstate/react": {
      "version": "1.6.3",
      "resolved": "https://registry.npmjs.org/@xstate/react/-/react-1.6.3.tgz",
      "integrity": "sha512-NCUReRHPGvvCvj2yLZUTfR0qVp6+apc8G83oXSjN4rl89ZjyujiKrTff55bze/HrsvCsP/sUJASf2n0nzMF1KQ==",
      "requires": {
        "use-isomorphic-layout-effect": "^1.0.0",
        "use-subscription": "^1.3.0"
      }
    },
    "body-scroll-lock": {
      "version": "3.1.5",
      "resolved": "https://registry.npmjs.org/body-scroll-lock/-/body-scroll-lock-3.1.5.tgz",
      "integrity": "sha512-Yi1Xaml0EvNA0OYWxXiYNqY24AfWkbA6w5vxE7GWxtKfzIbZM+Qw+aSmkgsbWzbHiy/RCSkUZBplVxTA+E4jJg=="
    },
    "focus-trap": {
      "version": "6.7.1",
      "resolved": "https://registry.npmjs.org/focus-trap/-/focus-trap-6.7.1.tgz",
      "integrity": "sha512-a6czHbT9twVpy2RpkWQA9vIgwQgB9Nx1PIxNNUxQT4nugG/3QibwxO+tWTh9i+zSY2SFiX4pnYhTaFaQF/6ZAg==",
      "requires": {
        "tabbable": "^5.2.1"
      }
    },
    "js-tokens": {
      "version": "4.0.0",
      "resolved": "https://registry.npmjs.org/js-tokens/-/js-tokens-4.0.0.tgz",
      "integrity": "sha512-RdJUflcE3cUzKiMqQgsCu06FPu9UdIJO0beYbPhHN4k6apgJtifcoCtT9bcxOpYBtpD2kCM6Sbzg4CausW/PKQ=="
    },
    "loose-envify": {
      "version": "1.4.0",
      "resolved": "https://registry.npmjs.org/loose-envify/-/loose-envify-1.4.0.tgz",
      "integrity": "sha512-lyuxPGr/Wfhrlem2CL/UcnUc1zcqKAImBDzukY7Y5F/yQiNdko6+fRLevlw1HgMySw7f611UIY408EtxRSoK3Q==",
      "requires": {
        "js-tokens": "^3.0.0 || ^4.0.0"
      }
    },
    "object-assign": {
      "version": "4.1.1",
      "resolved": "https://registry.npmjs.org/object-assign/-/object-assign-4.1.1.tgz",
      "integrity": "sha1-IQmtx5ZYh8/AXLvUQsrIv7s2CGM="
    },
    "prop-types": {
      "version": "15.7.2",
      "resolved": "https://registry.npmjs.org/prop-types/-/prop-types-15.7.2.tgz",
      "integrity": "sha512-8QQikdH7//R2vurIJSutZ1smHYTcLpRWEOlHnzcWHmBYrOGUysKwSsrC89BCiFj3CbrfJ/nXFdJepOVrY1GCHQ==",
      "requires": {
        "loose-envify": "^1.4.0",
        "object-assign": "^4.1.1",
        "react-is": "^16.8.1"
      }
    },
    "react-is": {
      "version": "16.13.1",
      "resolved": "https://registry.npmjs.org/react-is/-/react-is-16.13.1.tgz",
      "integrity": "sha512-24e6ynE2H+OKt4kqsOvNd8kBpV65zoxbA4BVsEOB3ARVWQki/DHzaUoC5KuON/BiccDaCCTZBuOcfZs70kR8bQ=="
    },
    "react-spring": {
      "version": "8.0.27",
      "resolved": "https://registry.npmjs.org/react-spring/-/react-spring-8.0.27.tgz",
      "integrity": "sha512-nDpWBe3ZVezukNRandTeLSPcwwTMjNVu1IDq9qA/AMiUqHuRN4BeSWvKr3eIxxg1vtiYiOLy4FqdfCP5IoP77g==",
      "requires": {
        "@babel/runtime": "^7.3.1",
        "prop-types": "^15.5.8"
      }
    },
    "react-spring-bottom-sheet": {
      "version": "3.3.0",
      "resolved": "https://registry.npmjs.org/react-spring-bottom-sheet/-/react-spring-bottom-sheet-3.3.0.tgz",
      "integrity": "sha512-PNzfU6Mq1ALVMdIwgSI5tbUJOdFc4unQ/HVthXOcAf2jcCGeJkMTR8guXNWA+uOuxYn9zRjJ/7a7hb9vWm68dw==",
      "requires": {
        "@juggle/resize-observer": "^3.2.0",
        "@reach/portal": "^0.13.0",
        "@xstate/react": "^1.2.0",
        "body-scroll-lock": "^3.1.5",
        "focus-trap": "^6.2.2",
        "react-spring": "^8.0.27",
        "react-use-gesture": "^8.0.1",
        "xstate": "^4.15.1"
      }
    },
    "react-use-gesture": {
      "version": "8.0.1",
      "resolved": "https://registry.npmjs.org/react-use-gesture/-/react-use-gesture-8.0.1.tgz",
      "integrity": "sha512-CXzUNkulUdgouaAlvAsC5ZVo0fi9KGSBSk81WrE4kOIcJccpANe9zZkAYr5YZZhqpicIFxitsrGVS4wmoMun9A=="
    },
    "regenerator-runtime": {
      "version": "0.13.9",
      "resolved": "https://registry.npmjs.org/regenerator-runtime/-/regenerator-runtime-0.13.9.tgz",
      "integrity": "sha512-p3VT+cOEgxFsRRA9X4lkI1E+k2/CtnKtU4gcxyaCUreilL/vqI6CdZ3wxVUx3UOUg+gnUOQQcRI7BmSI656MYA=="
    },
    "tabbable": {
      "version": "5.2.1",
      "resolved": "https://registry.npmjs.org/tabbable/-/tabbable-5.2.1.tgz",
      "integrity": "sha512-40pEZ2mhjaZzK0BnI+QGNjJO8UYx9pP5v7BGe17SORTO0OEuuaAwQTkAp8whcZvqon44wKFOikD+Al11K3JICQ=="
    },
    "tslib": {
      "version": "2.3.1",
      "resolved": "https://registry.npmjs.org/tslib/-/tslib-2.3.1.tgz",
      "integrity": "sha512-77EbyPPpMz+FRFRuAFlWMtmgUWGe9UOG2Z25NqCwiIjRhOf5iKGuzSe5P2w1laq+FkRy4p+PCuVkJSGkzTEKVw=="
    },
    "use-isomorphic-layout-effect": {
      "version": "1.1.1",
      "resolved": "https://registry.npmjs.org/use-isomorphic-layout-effect/-/use-isomorphic-layout-effect-1.1.1.tgz",
      "integrity": "sha512-L7Evj8FGcwo/wpbv/qvSfrkHFtOpCzvM5yl2KVyDJoylVuSvzphiiasmjgQPttIGBAy2WKiBNR98q8w7PiNgKQ=="
    },
    "use-subscription": {
      "version": "1.5.1",
      "resolved": "https://registry.npmjs.org/use-subscription/-/use-subscription-1.5.1.tgz",
      "integrity": "sha512-Xv2a1P/yReAjAbhylMfFplFKj9GssgTwN7RlcTxBujFQcloStWNDQdc4g4NRWH9xS4i/FDk04vQBptAXoF3VcA==",
      "requires": {
        "object-assign": "^4.1.1"
      }
    },
    "warning": {
      "version": "4.0.3",
      "resolved": "https://registry.npmjs.org/warning/-/warning-4.0.3.tgz",
      "integrity": "sha512-rpJyN222KWIvHJ/F53XSZv0Zl/accqHR8et1kpaMTD/fLCRxtV8iX8czMzY7sVZupTI3zcUTg8eycS2kNF9l6w==",
      "requires": {
        "loose-envify": "^1.0.0"
      }
    },
    "xstate": {
      "version": "4.26.1",
      "resolved": "https://registry.npmjs.org/xstate/-/xstate-4.26.1.tgz",
      "integrity": "sha512-JLofAEnN26l/1vbODgsDa+Phqa61PwDlxWu8+2pK+YbXf+y9pQSDLRvcYH2H1kkeUBA5fGp+xFL/zfE8jNMw4g=="
    }
  }
}
